# Pinned pipeline images — the source of truth for the software environment.
# Update after a build/pull, then keep in sync via `just freeze`.
#
# Format:  <role>    <registry/repo@sha256:DIGEST | local image id>

# MELD Graph v2.2.5 GPU — validated end-to-end on real 7T data (FCD pipeline, --fastsurfer).
meld_graph   docker.io/meldproject/meld_graph@sha256:e2333882ecf984ffac63970aebf7702deea8b979a3a1e508231d06c07cefd664

# pkg (spec §2.2) — DICOM->NIfTI (dcm2niix) + MP2RAGE O'Brien clean. Built from containers/pkg/
# on the dev machine; base = python:3.13-slim. Locally built (no repo digest until pushed to the
# internal registry) — record the image id; re-pin after `podman push` to registry:5000.
pkg          localhost/meld7t/pkg:0.3.2   sha256:7aafb23e7f2f1e36e949bddf5cfc0641af61456ecf81eba06899508e36dd2b2e
#   base:      docker.io/library/python@sha256:af5bd286051a06b38587d30a8638958f4a2f38381aa80fe859c740af3411bd4d
#   pins:      dcm2niix 1.0.20241211 (debian) · nibabel 5.4.2 · numpy 2.5.1 · scipy 1.18.0
#   0.2.0:     + highdicom 0.24.0 + dicomweb-client 0.59.3 (DICOM-SEG packaging + STOW, §17)
#   0.3.0:     + series_classify.py (header-based DICOM classification, §16)
#   0.3.1:     + hippunfold_summarize.py (subfield volumes + L/R asymmetry, §25.5; multihist7
#              vs tissue label schemes handled; validated on real subject → AI −4.69%, symmetric)
#   0.3.2:     + map_morphometry.py (MAP07 junction/extension + asymmetry z, §25.4; validated on
#              real subject → 3 single-subject candidates. Normative z-score seam ready.)

# SPM12 Standalone r7771 + MATLAB MCR v97 (R2019b) — MAP detector engine (§25.4). Stock image
# (like meld_graph/hippunfold); the worker mounts containers/map/segment.m and runs `spm12 script`.
spm          docker.io/spmcentral/spm@sha256:46e4df84f8b5bd7698fda250e96504719db27f0c117c702e62817f8558327522

# api (spec §5) — FastAPI orchestration. Built from platform/api/ on the dev machine.
api          localhost/meld7t/api:0.1.2   sha256:f6ae458189d2b3310ca75a09f9b456df34ee8c354f449e17e85905b14c5ba208
#   0.1.1:     HippUnfold detector flipped to "built" (recipe auto-includes HS; §25.5)
#   0.1.2:     MAP detector flipped to "built" (recipe auto-includes MAP; §25.4)

# --- Long-running service images (off-the-shelf; §2.1, §9) ---
immudb       docker.io/codenotary/immudb@sha256:ca64fd851b3e60a43115e79f71c4830935f5652e0692628fc80a475c417743a7
ohif         docker.io/ohif/app@sha256:f130db413d37d829e0c98fa49505884343e53e8d6ec72940d44327e917304913
caddy        docker.io/library/caddy@sha256:98eb57d882ccd5213d1688764db10c1ca2c58a1ca3a6717a3411ad798f7a423a
# postgres:16 · redis:7-alpine · orthancteam/orthanc:24.7.3 · registry:2 — re-pin via `just freeze`.
